
Microsoft Visual Studio Solution File, Format Version 12.00
# Visual Studio 2012
Project("{FAE04EC0-301F-11D3-BF4B-00C04F79EFBC}") = "Nu.DataSource", "Nu.DataSource\Nu.DataSource.csproj", "{0F72EDB7-20AA-411D-9BF4-3E07EBA49B14}"
EndProject
Project("{FAE04EC0-301F-11D3-BF4B-00C04F79EFBC}") = "Nu.DataSource.SQLite", "Nu.DataSource.SQLite\Nu.DataSource.SQLite.csproj", "{BF7BE48E-65D6-4969-9046-698FAB32159A}"
EndProject
Project("{2150E333-8FDC-42A3-9474-1A3956D46DE8}") = ".nuget", ".nuget", "{838B7297-F7D7-49F6-B720-6402C98ABDA8}"
	ProjectSection(SolutionItems) = preProject
		.nuget\NuGet.Config = .nuget\NuGet.Config
		.nuget\NuGet.exe = .nuget\NuGet.exe
	EndProjectSection
EndProject
Global
	GlobalSection(SolutionConfigurationPlatforms) = preSolution
		Debug|Any CPU = Debug|Any CPU
		Release|Any CPU = Release|Any CPU
	EndGlobalSection
	GlobalSection(ProjectConfigurationPlatforms) = postSolution
		{0F72EDB7-20AA-411D-9BF4-3E07EBA49B14}.Debug|Any CPU.ActiveCfg = Debug|Any CPU
		{0F72EDB7-20AA-411D-9BF4-3E07EBA49B14}.Debug|Any CPU.Build.0 = Debug|Any CPU
		{0F72EDB7-20AA-411D-9BF4-3E07EBA49B14}.Release|Any CPU.ActiveCfg = Release|Any CPU
		{0F72EDB7-20AA-411D-9BF4-3E07EBA49B14}.Release|Any CPU.Build.0 = Release|Any CPU
		{BF7BE48E-65D6-4969-9046-698FAB32159A}.Debug|Any CPU.ActiveCfg = Debug|Any CPU
		{BF7BE48E-65D6-4969-9046-698FAB32159A}.Debug|Any CPU.Build.0 = Debug|Any CPU
		{BF7BE48E-65D6-4969-9046-698FAB32159A}.Release|Any CPU.ActiveCfg = Release|Any CPU
		{BF7BE48E-65D6-4969-9046-698FAB32159A}.Release|Any CPU.Build.0 = Release|Any CPU
	EndGlobalSection
	GlobalSection(SolutionProperties) = preSolution
		HideSolutionNode = FALSE
	EndGlobalSection
EndGlobal
